
Microsoft Visual Studio Solution File, Format Version 12.00
# Visual Studio Version 17
VisualStudioVersion = 17.9.34622.214
MinimumVisualStudioVersion = 10.0.40219.1
Project("{FAE04EC0-301F-11D3-BF4B-00C04F79EFBC}") = "MitsubishiFxPlc", "MitsubishiFxPlc\MitsubishiFxPlc.csproj", "{E162104B-A910-443B-965A-46C8AC9E5050}"
EndProject
Project("{FAE04EC0-301F-11D3-BF4B-00C04F79EFBC}") = "PlcTest", "PlcTest\PlcTest.csproj", "{5007EB57-DAA0-4418-8946-172B00EC8C8B}"
EndProject
Project("{2150E333-8FDC-42A3-9474-1A3956D46DE8}") = "解决方案项", "解决方案项", "{55C5D1D8-CEF4-4BA8-B93F-7D8D4F380C94}"
	ProjectSection(SolutionItems) = preProject
		README.md = README.md
	EndProjectSection
EndProject
Global
	GlobalSection(SolutionConfigurationPlatforms) = preSolution
		Debug|Any CPU = Debug|Any CPU
		Release|Any CPU = Release|Any CPU
	EndGlobalSection
	GlobalSection(ProjectConfigurationPlatforms) = postSolution
		{E162104B-A910-443B-965A-46C8AC9E5050}.Debug|Any CPU.ActiveCfg = Debug|Any CPU
		{E162104B-A910-443B-965A-46C8AC9E5050}.Debug|Any CPU.Build.0 = Debug|Any CPU
		{E162104B-A910-443B-965A-46C8AC9E5050}.Release|Any CPU.ActiveCfg = Release|Any CPU
		{E162104B-A910-443B-965A-46C8AC9E5050}.Release|Any CPU.Build.0 = Release|Any CPU
		{5007EB57-DAA0-4418-8946-172B00EC8C8B}.Debug|Any CPU.ActiveCfg = Debug|Any CPU
		{5007EB57-DAA0-4418-8946-172B00EC8C8B}.Debug|Any CPU.Build.0 = Debug|Any CPU
		{5007EB57-DAA0-4418-8946-172B00EC8C8B}.Release|Any CPU.ActiveCfg = Release|Any CPU
		{5007EB57-DAA0-4418-8946-172B00EC8C8B}.Release|Any CPU.Build.0 = Release|Any CPU
	EndGlobalSection
	GlobalSection(SolutionProperties) = preSolution
		HideSolutionNode = FALSE
	EndGlobalSection
	GlobalSection(ExtensibilityGlobals) = postSolution
		SolutionGuid = {ACD7958A-3EC2-461A-AF8F-F0D1BCC15941}
	EndGlobalSection
EndGlobal
